// !$*UTF8*$!
{
	archiveVersion = 1;
	classes = {
	};
	objectVersion = 51;
	objects = {

/* Begin PBXBuildFile section */
		A8DC149EAF97F1B3F89D9407 /* Pods_Quotorama.framework in Frameworks */ = {isa = PBXBuildFile; fileRef = DA4EA911B0390A4B4F63B781 /* Pods_Quotorama.framework */; };
		AD1021E725D5C2FE002B52CD /* Quote.swift in Sources */ = {isa = PBXBuildFile; fileRef = AD60666625D5C24C00276A61 /* Quote.swift */; };
		AD1021F425D5C372002B52CD /* Bundle+Decodable.swift in Sources */ = {isa = PBXBuildFile; fileRef = AD1021F325D5C372002B52CD /* Bundle+Decodable.swift */; };
		AD1669E82600FDAA00036EA8 /* MusicPlayer.swift in Sources */ = {isa = PBXBuildFile; fileRef = AD1669E72600FDAA00036EA8 /* MusicPlayer.swift */; };
		AD1669F22601065D00036EA8 /* music.mp3 in Resources */ = {isa = PBXBuildFile; fileRef = AD1669F12601065D00036EA8 /* music.mp3 */; };
		AD2BF669260138D400D20688 /* HeaderView.swift in Sources */ = {isa = PBXBuildFile; fileRef = AD2BF668260138D400D20688 /* HeaderView.swift */; };
		AD2BF66F260138EA00D20688 /* FooterView.swift in Sources */ = {isa = PBXBuildFile; fileRef = AD2BF66E260138EA00D20688 /* FooterView.swift */; };
		AD2BF6792601392200D20688 /* QuoteView.swift in Sources */ = {isa = PBXBuildFile; fileRef = AD2BF6782601392200D20688 /* QuoteView.swift */; };
		AD46B38725990C19003C96DD /* QuotoramaApp.swift in Sources */ = {isa = PBXBuildFile; fileRef = AD46B38625990C19003C96DD /* QuotoramaApp.swift */; };
		AD46B38B25990C1A003C96DD /* Assets.xcassets in Resources */ = {isa = PBXBuildFile; fileRef = AD46B38A25990C1A003C96DD /* Assets.xcassets */; };
		AD46B38E25990C1A003C96DD /* Preview Assets.xcassets in Resources */ = {isa = PBXBuildFile; fileRef = AD46B38D25990C1A003C96DD /* Preview Assets.xcassets */; };
		AD46B3A125990CB8003C96DD /* Bundle+Decodable.swift in Sources */ = {isa = PBXBuildFile; fileRef = AD46B3A025990CB8003C96DD /* Bundle+Decodable.swift */; };
		AD5CAE1026022B4C00C43187 /* ThemesView.swift in Sources */ = {isa = PBXBuildFile; fileRef = AD5CAE0F26022B4C00C43187 /* ThemesView.swift */; };
		AD60664825D5BBF100276A61 /* QuotoramaWatch Extension.appex in Embed App Extensions */ = {isa = PBXBuildFile; fileRef = AD60664725D5BBF100276A61 /* QuotoramaWatch Extension.appex */; settings = {ATTRIBUTES = (RemoveHeadersOnCopy, ); }; };
		AD60664D25D5BBF100276A61 /* ContentView.swift in Sources */ = {isa = PBXBuildFile; fileRef = AD60664C25D5BBF100276A61 /* ContentView.swift */; };
		AD60664F25D5BBF100276A61 /* QuotoramaApp.swift in Sources */ = {isa = PBXBuildFile; fileRef = AD60664E25D5BBF100276A61 /* QuotoramaApp.swift */; };
		AD60665125D5BBF100276A61 /* ComplicationController.swift in Sources */ = {isa = PBXBuildFile; fileRef = AD60665025D5BBF100276A61 /* ComplicationController.swift */; };
		AD60665325D5BBF100276A61 /* Assets.xcassets in Resources */ = {isa = PBXBuildFile; fileRef = AD60665225D5BBF100276A61 /* Assets.xcassets */; };
		AD60665625D5BBF100276A61 /* Preview Assets.xcassets in Resources */ = {isa = PBXBuildFile; fileRef = AD60665525D5BBF100276A61 /* Preview Assets.xcassets */; };
		AD60665A25D5BBF100276A61 /* QuotoramaWatch.app in Embed Watch Content */ = {isa = PBXBuildFile; fileRef = AD60663E25D5BBEE00276A61 /* QuotoramaWatch.app */; settings = {ATTRIBUTES = (RemoveHeadersOnCopy, ); }; };
		AD67CA8D25DB1593001FF2E4 /* ActionButtonView.swift in Sources */ = {isa = PBXBuildFile; fileRef = AD67CA8C25DB1593001FF2E4 /* ActionButtonView.swift */; };
		AD67CA9B25DB194A001FF2E4 /* WidgetKit.framework in Frameworks */ = {isa = PBXBuildFile; fileRef = AD67CA9A25DB194A001FF2E4 /* WidgetKit.framework */; };
		AD67CA9D25DB194A001FF2E4 /* SwiftUI.framework in Frameworks */ = {isa = PBXBuildFile; fileRef = AD67CA9C25DB194A001FF2E4 /* SwiftUI.framework */; };
		AD67CAA025DB194A001FF2E4 /* QuotoramaWidget.swift in Sources */ = {isa = PBXBuildFile; fileRef = AD67CA9F25DB194A001FF2E4 /* QuotoramaWidget.swift */; };
		AD67CAA225DB194D001FF2E4 /* Assets.xcassets in Resources */ = {isa = PBXBuildFile; fileRef = AD67CAA125DB194D001FF2E4 /* Assets.xcassets */; };
		AD67CAA625DB194D001FF2E4 /* QuotoramaWidgetExtension.appex in Embed App Extensions */ = {isa = PBXBuildFile; fileRef = AD67CA9825DB194A001FF2E4 /* QuotoramaWidgetExtension.appex */; settings = {ATTRIBUTES = (RemoveHeadersOnCopy, ); }; };
		AD67CAAF25DB1AAA001FF2E4 /* quotes.json in Resources */ = {isa = PBXBuildFile; fileRef = AD46B39625990C30003C96DD /* quotes.json */; };
		AD67CAB725DB1B3C001FF2E4 /* QuotesStore.swift in Sources */ = {isa = PBXBuildFile; fileRef = AD67CAB425DB1B3C001FF2E4 /* QuotesStore.swift */; };
		AD67CAB825DB1B3C001FF2E4 /* Bundle+Decodable.swift in Sources */ = {isa = PBXBuildFile; fileRef = AD67CAB525DB1B3C001FF2E4 /* Bundle+Decodable.swift */; };
		AD67CAB925DB1B3C001FF2E4 /* Quote.swift in Sources */ = {isa = PBXBuildFile; fileRef = AD67CAB625DB1B3C001FF2E4 /* Quote.swift */; };
		AD6EAAA425F689150044F941 /* ContentView.swift in Sources */ = {isa = PBXBuildFile; fileRef = AD6EAAA325F689150044F941 /* ContentView.swift */; };
		AD76172C25FFFEBF00095E3B /* StoreKit.framework in Frameworks */ = {isa = PBXBuildFile; fileRef = AD76172B25FFFEBF00095E3B /* StoreKit.framework */; };
		AD809E7B259A0475003E4640 /* Constants.swift in Sources */ = {isa = PBXBuildFile; fileRef = AD809E7A259A0475003E4640 /* Constants.swift */; };
		AD81DE3225F2964C0019F8A1 /* Util.swift in Sources */ = {isa = PBXBuildFile; fileRef = AD81DE3125F2964C0019F8A1 /* Util.swift */; };
		AD81DE3825F2A1EF0019F8A1 /* ShareSheetView.swift in Sources */ = {isa = PBXBuildFile; fileRef = AD81DE3725F2A1EF0019F8A1 /* ShareSheetView.swift */; };
		AD82709E25D5C89600F3B8AA /* quotes.json in Resources */ = {isa = PBXBuildFile; fileRef = AD46B39625990C30003C96DD /* quotes.json */; };
		AD9130D825ED585000AFF02C /* Assets.xcassets in Resources */ = {isa = PBXBuildFile; fileRef = AD60664025D5BBF000276A61 /* Assets.xcassets */; };
		AD9130DD25ED587B00AFF02C /* quotes.json in Resources */ = {isa = PBXBuildFile; fileRef = AD46B39625990C30003C96DD /* quotes.json */; };
		ADA7EB7825D5C4FF00CAF87C /* Array+RawRepresentable.swift in Sources */ = {isa = PBXBuildFile; fileRef = ADA7EB7725D5C4FF00CAF87C /* Array+RawRepresentable.swift */; };
		ADA7EB8325D5C59000CAF87C /* QuotesStore.swift in Sources */ = {isa = PBXBuildFile; fileRef = ADA7EB8225D5C59000CAF87C /* QuotesStore.swift */; };
		ADB325FF25991D4500123C34 /* QuotesStore.swift in Sources */ = {isa = PBXBuildFile; fileRef = ADB325FE25991D4500123C34 /* QuotesStore.swift */; };
		ADB32605259922F600123C34 /* quotes.json in Resources */ = {isa = PBXBuildFile; fileRef = AD46B39625990C30003C96DD /* quotes.json */; };
		ADD62182259A189F002B5523 /* FavoritesView.swift in Sources */ = {isa = PBXBuildFile; fileRef = ADD62181259A189F002B5523 /* FavoritesView.swift */; };
		ADDD57A625FFD866009659D9 /* SettingsView.swift in Sources */ = {isa = PBXBuildFile; fileRef = ADDD57A525FFD865009659D9 /* SettingsView.swift */; };
		ADDD57AD25FFE2A4009659D9 /* InAppPurchaseHelper.swift in Sources */ = {isa = PBXBuildFile; fileRef = ADDD57AC25FFE2A4009659D9 /* InAppPurchaseHelper.swift */; };
		ADE8EBAE25FE494D00816021 /* GoogleAdBannerView.swift in Sources */ = {isa = PBXBuildFile; fileRef = ADE8EBAD25FE494D00816021 /* GoogleAdBannerView.swift */; };
/* End PBXBuildFile section */

/* Begin PBXContainerItemProxy section */
		AD60664925D5BBF100276A61 /* PBXContainerItemProxy */ = {
			isa = PBXContainerItemProxy;
			containerPortal = AD46B37B25990C19003C96DD /* Project object */;
			proxyType = 1;
			remoteGlobalIDString = AD60664625D5BBF100276A61;
			remoteInfo = "QuotoramaWatch Extension";
		};
		AD60665825D5BBF100276A61 /* PBXContainerItemProxy */ = {
			isa = PBXContainerItemProxy;
			containerPortal = AD46B37B25990C19003C96DD /* Project object */;
			proxyType = 1;
			remoteGlobalIDString = AD60663D25D5BBEE00276A61;
			remoteInfo = QuotoramaWatch;
		};
		AD67CAA425DB194D001FF2E4 /* PBXContainerItemProxy */ = {
			isa = PBXContainerItemProxy;
			containerPortal = AD46B37B25990C19003C96DD /* Project object */;
			proxyType = 1;
			remoteGlobalIDString = AD67CA9725DB194A001FF2E4;
			remoteInfo = QuotoramaWidgetExtension;
		};
/* End PBXContainerItemProxy section */

/* Begin PBXCopyFilesBuildPhase section */
		AD60665B25D5BBF100276A61 /* Embed Watch Content */ = {
			isa = PBXCopyFilesBuildPhase;
			buildActionMask = 2147483647;
			dstPath = "$(CONTENTS_FOLDER_PATH)/Watch";
			dstSubfolderSpec = 16;
			files = (
				AD60665A25D5BBF100276A61 /* QuotoramaWatch.app in Embed Watch Content */,
			);
			name = "Embed Watch Content";
			runOnlyForDeploymentPostprocessing = 0;
		};
		AD60665E25D5BBF100276A61 /* Embed App Extensions */ = {
			isa = PBXCopyFilesBuildPhase;
			buildActionMask = 2147483647;
			dstPath = "";
			dstSubfolderSpec = 13;
			files = (
				AD60664825D5BBF100276A61 /* QuotoramaWatch Extension.appex in Embed App Extensions */,
			);
			name = "Embed App Extensions";
			runOnlyForDeploymentPostprocessing = 0;
		};
		AD67CAAA25DB194D001FF2E4 /* Embed App Extensions */ = {
			isa = PBXCopyFilesBuildPhase;
			buildActionMask = 2147483647;
			dstPath = "";
			dstSubfolderSpec = 13;
			files = (
				AD67CAA625DB194D001FF2E4 /* QuotoramaWidgetExtension.appex in Embed App Extensions */,
			);
			name = "Embed App Extensions";
			runOnlyForDeploymentPostprocessing = 0;
		};
		AD9130D625ED582B00AFF02C /* CopyFiles */ = {
			isa = PBXCopyFilesBuildPhase;
			buildActionMask = 2147483647;
			dstPath = "";
			dstSubfolderSpec = 7;
			files = (
			);
			runOnlyForDeploymentPostprocessing = 0;
		};
/* End PBXCopyFilesBuildPhase section */

/* Begin PBXFileReference section */
		72172D27A941C7CD5E6FE635 /* Pods-Quotorama.debug.xcconfig */ = {isa = PBXFileReference; includeInIndex = 1; lastKnownFileType = text.xcconfig; name = "Pods-Quotorama.debug.xcconfig"; path = "Target Support Files/Pods-Quotorama/Pods-Quotorama.debug.xcconfig"; sourceTree = "<group>"; };
		AD1021F325D5C372002B52CD /* Bundle+Decodable.swift */ = {isa = PBXFileReference; lastKnownFileType = sourcecode.swift; path = "Bundle+Decodable.swift"; sourceTree = "<group>"; };
		AD1669E72600FDAA00036EA8 /* MusicPlayer.swift */ = {isa = PBXFileReference; lastKnownFileType = sourcecode.swift; path = MusicPlayer.swift; sourceTree = "<group>"; };
		AD1669F12601065D00036EA8 /* music.mp3 */ = {isa = PBXFileReference; lastKnownFileType = audio.mp3; path = music.mp3; sourceTree = "<group>"; };
		AD2BF668260138D400D20688 /* HeaderView.swift */ = {isa = PBXFileReference; lastKnownFileType = sourcecode.swift; path = HeaderView.swift; sourceTree = "<group>"; };
		AD2BF66E260138EA00D20688 /* FooterView.swift */ = {isa = PBXFileReference; lastKnownFileType = sourcecode.swift; path = FooterView.swift; sourceTree = "<group>"; };
		AD2BF6782601392200D20688 /* QuoteView.swift */ = {isa = PBXFileReference; lastKnownFileType = sourcecode.swift; path = QuoteView.swift; sourceTree = "<group>"; };
		AD46B38325990C19003C96DD /* Quotorama.app */ = {isa = PBXFileReference; explicitFileType = wrapper.application; includeInIndex = 0; path = Quotorama.app; sourceTree = BUILT_PRODUCTS_DIR; };
		AD46B38625990C19003C96DD /* QuotoramaApp.swift */ = {isa = PBXFileReference; lastKnownFileType = sourcecode.swift; path = QuotoramaApp.swift; sourceTree = "<group>"; };
		AD46B38A25990C1A003C96DD /* Assets.xcassets */ = {isa = PBXFileReference; lastKnownFileType = folder.assetcatalog; path = Assets.xcassets; sourceTree = "<group>"; };
		AD46B38D25990C1A003C96DD /* Preview Assets.xcassets */ = {isa = PBXFileReference; lastKnownFileType = folder.assetcatalog; path = "Preview Assets.xcassets"; sourceTree = "<group>"; };
		AD46B38F25990C1A003C96DD /* Info.plist */ = {isa = PBXFileReference; lastKnownFileType = text.plist.xml; path = Info.plist; sourceTree = "<group>"; };
		AD46B39625990C30003C96DD /* quotes.json */ = {isa = PBXFileReference; fileEncoding = 4; lastKnownFileType = text.json; path = quotes.json; sourceTree = "<group>"; };
		AD46B3A025990CB8003C96DD /* Bundle+Decodable.swift */ = {isa = PBXFileReference; lastKnownFileType = sourcecode.swift; path = "Bundle+Decodable.swift"; sourceTree = "<group>"; };
		AD5CAE0F26022B4C00C43187 /* ThemesView.swift */ = {isa = PBXFileReference; fileEncoding = 4; lastKnownFileType = sourcecode.swift; path = ThemesView.swift; sourceTree = "<group>"; };
		AD60663E25D5BBEE00276A61 /* QuotoramaWatch.app */ = {isa = PBXFileReference; explicitFileType = wrapper.application; includeInIndex = 0; path = QuotoramaWatch.app; sourceTree = BUILT_PRODUCTS_DIR; };
		AD60664025D5BBF000276A61 /* Assets.xcassets */ = {isa = PBXFileReference; lastKnownFileType = folder.assetcatalog; path = Assets.xcassets; sourceTree = "<group>"; };
		AD60664225D5BBF000276A61 /* Info.plist */ = {isa = PBXFileReference; lastKnownFileType = text.plist.xml; path = Info.plist; sourceTree = "<group>"; };
		AD60664725D5BBF100276A61 /* QuotoramaWatch Extension.appex */ = {isa = PBXFileReference; explicitFileType = "wrapper.app-extension"; includeInIndex = 0; path = "QuotoramaWatch Extension.appex"; sourceTree = BUILT_PRODUCTS_DIR; };
		AD60664C25D5BBF100276A61 /* ContentView.swift */ = {isa = PBXFileReference; lastKnownFileType = sourcecode.swift; path = ContentView.swift; sourceTree = "<group>"; };
		AD60664E25D5BBF100276A61 /* QuotoramaApp.swift */ = {isa = PBXFileReference; lastKnownFileType = sourcecode.swift; path = QuotoramaApp.swift; sourceTree = "<group>"; };
		AD60665025D5BBF100276A61 /* ComplicationController.swift */ = {isa = PBXFileReference; lastKnownFileType = sourcecode.swift; path = ComplicationController.swift; sourceTree = "<group>"; };
		AD60665225D5BBF100276A61 /* Assets.xcassets */ = {isa = PBXFileReference; lastKnownFileType = folder.assetcatalog; path = Assets.xcassets; sourceTree = "<group>"; };
		AD60665525D5BBF100276A61 /* Preview Assets.xcassets */ = {isa = PBXFileReference; lastKnownFileType = folder.assetcatalog; path = "Preview Assets.xcassets"; sourceTree = "<group>"; };
		AD60665725D5BBF100276A61 /* Info.plist */ = {isa = PBXFileReference; lastKnownFileType = text.plist.xml; path = Info.plist; sourceTree = "<group>"; };
		AD60666625D5C24C00276A61 /* Quote.swift */ = {isa = PBXFileReference; fileEncoding = 4; lastKnownFileType = sourcecode.swift; name = Quote.swift; path = "QuotoramaWatch Extension/Quote.swift"; sourceTree = SOURCE_ROOT; };
		AD67CA8C25DB1593001FF2E4 /* ActionButtonView.swift */ = {isa = PBXFileReference; lastKnownFileType = sourcecode.swift; path = ActionButtonView.swift; sourceTree = "<group>"; };
		AD67CA9825DB194A001FF2E4 /* QuotoramaWidgetExtension.appex */ = {isa = PBXFileReference; explicitFileType = "wrapper.app-extension"; includeInIndex = 0; path = QuotoramaWidgetExtension.appex; sourceTree = BUILT_PRODUCTS_DIR; };
		AD67CA9A25DB194A001FF2E4 /* WidgetKit.framework */ = {isa = PBXFileReference; lastKnownFileType = wrapper.framework; name = WidgetKit.framework; path = System/Library/Frameworks/WidgetKit.framework; sourceTree = SDKROOT; };
		AD67CA9C25DB194A001FF2E4 /* SwiftUI.framework */ = {isa = PBXFileReference; lastKnownFileType = wrapper.framework; name = SwiftUI.framework; path = System/Library/Frameworks/SwiftUI.framework; sourceTree = SDKROOT; };
		AD67CA9F25DB194A001FF2E4 /* QuotoramaWidget.swift */ = {isa = PBXFileReference; lastKnownFileType = sourcecode.swift; path = QuotoramaWidget.swift; sourceTree = "<group>"; };
		AD67CAA125DB194D001FF2E4 /* Assets.xcassets */ = {isa = PBXFileReference; lastKnownFileType = folder.assetcatalog; path = Assets.xcassets; sourceTree = "<group>"; };
		AD67CAA325DB194D001FF2E4 /* Info.plist */ = {isa = PBXFileReference; lastKnownFileType = text.plist.xml; path = Info.plist; sourceTree = "<group>"; };
		AD67CAB425DB1B3C001FF2E4 /* QuotesStore.swift */ = {isa = PBXFileReference; fileEncoding = 4; lastKnownFileType = sourcecode.swift; path = QuotesStore.swift; sourceTree = "<group>"; };
		AD67CAB525DB1B3C001FF2E4 /* Bundle+Decodable.swift */ = {isa = PBXFileReference; fileEncoding = 4; lastKnownFileType = sourcecode.swift; path = "Bundle+Decodable.swift"; sourceTree = "<group>"; };
		AD67CAB625DB1B3C001FF2E4 /* Quote.swift */ = {isa = PBXFileReference; fileEncoding = 4; lastKnownFileType = sourcecode.swift; path = Quote.swift; sourceTree = "<group>"; };
		AD6EAAA325F689150044F941 /* ContentView.swift */ = {isa = PBXFileReference; lastKnownFileType = sourcecode.swift; path = ContentView.swift; sourceTree = "<group>"; };
		AD76172B25FFFEBF00095E3B /* StoreKit.framework */ = {isa = PBXFileReference; lastKnownFileType = wrapper.framework; name = StoreKit.framework; path = System/Library/Frameworks/StoreKit.framework; sourceTree = SDKROOT; };
		AD809E7A259A0475003E4640 /* Constants.swift */ = {isa = PBXFileReference; lastKnownFileType = sourcecode.swift; path = Constants.swift; sourceTree = "<group>"; };
		AD81DE3125F2964C0019F8A1 /* Util.swift */ = {isa = PBXFileReference; lastKnownFileType = sourcecode.swift; path = Util.swift; sourceTree = "<group>"; };
		AD81DE3725F2A1EF0019F8A1 /* ShareSheetView.swift */ = {isa = PBXFileReference; lastKnownFileType = sourcecode.swift; path = ShareSheetView.swift; sourceTree = "<group>"; };
		ADA7EB7725D5C4FF00CAF87C /* Array+RawRepresentable.swift */ = {isa = PBXFileReference; fileEncoding = 4; lastKnownFileType = sourcecode.swift; path = "Array+RawRepresentable.swift"; sourceTree = "<group>"; };
		ADA7EB8225D5C59000CAF87C /* QuotesStore.swift */ = {isa = PBXFileReference; lastKnownFileType = sourcecode.swift; path = QuotesStore.swift; sourceTree = "<group>"; };
		ADB325FE25991D4500123C34 /* QuotesStore.swift */ = {isa = PBXFileReference; lastKnownFileType = sourcecode.swift; path = QuotesStore.swift; sourceTree = "<group>"; };
		ADD62181259A189F002B5523 /* FavoritesView.swift */ = {isa = PBXFileReference; lastKnownFileType = sourcecode.swift; path = FavoritesView.swift; sourceTree = "<group>"; };
		ADDD57A525FFD865009659D9 /* SettingsView.swift */ = {isa = PBXFileReference; lastKnownFileType = sourcecode.swift; path = SettingsView.swift; sourceTree = "<group>"; };
		ADDD57AC25FFE2A4009659D9 /* InAppPurchaseHelper.swift */ = {isa = PBXFileReference; lastKnownFileType = sourcecode.swift; path = InAppPurchaseHelper.swift; sourceTree = "<group>"; };
		ADE8EBAD25FE494D00816021 /* GoogleAdBannerView.swift */ = {isa = PBXFileReference; lastKnownFileType = sourcecode.swift; path = GoogleAdBannerView.swift; sourceTree = "<group>"; };
		D567D1347BA9D44F6C90E5D6 /* Pods-Quotorama.release.xcconfig */ = {isa = PBXFileReference; includeInIndex = 1; lastKnownFileType = text.xcconfig; name = "Pods-Quotorama.release.xcconfig"; path = "Target Support Files/Pods-Quotorama/Pods-Quotorama.release.xcconfig"; sourceTree = "<group>"; };
		DA4EA911B0390A4B4F63B781 /* Pods_Quotorama.framework */ = {isa = PBXFileReference; explicitFileType = wrapper.framework; includeInIndex = 0; path = Pods_Quotorama.framework; sourceTree = BUILT_PRODUCTS_DIR; };
/* End PBXFileReference section */

/* Begin PBXFrameworksBuildPhase section */
		ACE24B3AEA247A8AC05EA1BF /* Frameworks */ = {
			isa = PBXFrameworksBuildPhase;
			buildActionMask = 2147483647;
			files = (
			);
			runOnlyForDeploymentPostprocessing = 0;
		};
		AD46B38025990C19003C96DD /* Frameworks */ = {
			isa = PBXFrameworksBuildPhase;
			buildActionMask = 2147483647;
			files = (
				A8DC149EAF97F1B3F89D9407 /* Pods_Quotorama.framework in Frameworks */,
				AD76172C25FFFEBF00095E3B /* StoreKit.framework in Frameworks */,
			);
			runOnlyForDeploymentPostprocessing = 0;
		};
		AD60664425D5BBF100276A61 /* Frameworks */ = {
			isa = PBXFrameworksBuildPhase;
			buildActionMask = 2147483647;
			files = (
			);
			runOnlyForDeploymentPostprocessing = 0;
		};
		AD67CA9525DB194A001FF2E4 /* Frameworks */ = {
			isa = PBXFrameworksBuildPhase;
			buildActionMask = 2147483647;
			files = (
				AD67CA9D25DB194A001FF2E4 /* SwiftUI.framework in Frameworks */,
				AD67CA9B25DB194A001FF2E4 /* WidgetKit.framework in Frameworks */,
			);
			runOnlyForDeploymentPostprocessing = 0;
		};
/* End PBXFrameworksBuildPhase section */

/* Begin PBXGroup section */
		AD1669D12600EA4900036EA8 /* Utilities */ = {
			isa = PBXGroup;
			children = (
				AD809E7A259A0475003E4640 /* Constants.swift */,
				AD81DE3125F2964C0019F8A1 /* Util.swift */,
				AD1669E72600FDAA00036EA8 /* MusicPlayer.swift */,
			);
			path = Utilities;
			sourceTree = "<group>";
		};
		AD1669D22600EA6000036EA8 /* Views */ = {
			isa = PBXGroup;
			children = (
				AD6EAAA325F689150044F941 /* ContentView.swift */,
				AD2BF668260138D400D20688 /* HeaderView.swift */,
				AD2BF6782601392200D20688 /* QuoteView.swift */,
				AD2BF66E260138EA00D20688 /* FooterView.swift */,
				ADE8EBAD25FE494D00816021 /* GoogleAdBannerView.swift */,
				ADD62181259A189F002B5523 /* FavoritesView.swift */,
				ADDD57A525FFD865009659D9 /* SettingsView.swift */,
				AD5CAE0F26022B4C00C43187 /* ThemesView.swift */,
				AD81DE3725F2A1EF0019F8A1 /* ShareSheetView.swift */,
				AD67CA8C25DB1593001FF2E4 /* ActionButtonView.swift */,
			);
			name = Views;
			sourceTree = "<group>";
		};
		AD16CD4125FE3EEA0040A7DE /* Extensions */ = {
			isa = PBXGroup;
			children = (
				AD46B3A025990CB8003C96DD /* Bundle+Decodable.swift */,
				ADA7EB7725D5C4FF00CAF87C /* Array+RawRepresentable.swift */,
			);
			path = Extensions;
			sourceTree = "<group>";
		};
		AD46B37A25990C19003C96DD = {
			isa = PBXGroup;
			children = (
				AD46B38525990C19003C96DD /* Quotorama */,
				AD60663F25D5BBEE00276A61 /* QuotoramaWatch */,
				AD60664B25D5BBF100276A61 /* QuotoramaWatch Extension */,
				AD67CA9E25DB194A001FF2E4 /* QuotoramaWidget */,
				AD67CA9925DB194A001FF2E4 /* Frameworks */,
				AD46B38425990C19003C96DD /* Products */,
				B00134A0FB3A207114B7BA6D /* Pods */,
			);
			sourceTree = "<group>";
		};
		AD46B38425990C19003C96DD /* Products */ = {
			isa = PBXGroup;
			children = (
				AD46B38325990C19003C96DD /* Quotorama.app */,
				AD60663E25D5BBEE00276A61 /* QuotoramaWatch.app */,
				AD60664725D5BBF100276A61 /* QuotoramaWatch Extension.appex */,
				AD67CA9825DB194A001FF2E4 /* QuotoramaWidgetExtension.appex */,
			);
			name = Products;
			sourceTree = "<group>";
		};
		AD46B38525990C19003C96DD /* Quotorama */ = {
			isa = PBXGroup;
			children = (
				AD46B38625990C19003C96DD /* QuotoramaApp.swift */,
				AD1669D22600EA6000036EA8 /* Views */,
				AD1669D12600EA4900036EA8 /* Utilities */,
				AD16CD4125FE3EEA0040A7DE /* Extensions */,
				ADB325FE25991D4500123C34 /* QuotesStore.swift */,
				ADDD57AC25FFE2A4009659D9 /* InAppPurchaseHelper.swift */,
				AD46B38A25990C1A003C96DD /* Assets.xcassets */,
				AD46B39625990C30003C96DD /* quotes.json */,
				AD46B38F25990C1A003C96DD /* Info.plist */,
				AD1669F12601065D00036EA8 /* music.mp3 */,
				AD46B38C25990C1A003C96DD /* Preview Content */,
			);
			path = Quotorama;
			sourceTree = "<group>";
		};
		AD46B38C25990C1A003C96DD /* Preview Content */ = {
			isa = PBXGroup;
			children = (
				AD46B38D25990C1A003C96DD /* Preview Assets.xcassets */,
			);
			path = "Preview Content";
			sourceTree = "<group>";
		};
		AD60663F25D5BBEE00276A61 /* QuotoramaWatch */ = {
			isa = PBXGroup;
			children = (
				AD60664025D5BBF000276A61 /* Assets.xcassets */,
				AD60664225D5BBF000276A61 /* Info.plist */,
			);
			path = QuotoramaWatch;
			sourceTree = "<group>";
		};
		AD60664B25D5BBF100276A61 /* QuotoramaWatch Extension */ = {
			isa = PBXGroup;
			children = (
				AD60664C25D5BBF100276A61 /* ContentView.swift */,
				AD60666625D5C24C00276A61 /* Quote.swift */,
				AD60664E25D5BBF100276A61 /* QuotoramaApp.swift */,
				ADA7EB8225D5C59000CAF87C /* QuotesStore.swift */,
				AD1021F325D5C372002B52CD /* Bundle+Decodable.swift */,
				AD60665025D5BBF100276A61 /* ComplicationController.swift */,
				AD60665225D5BBF100276A61 /* Assets.xcassets */,
				AD60665725D5BBF100276A61 /* Info.plist */,
				AD60665425D5BBF100276A61 /* Preview Content */,
			);
			path = "QuotoramaWatch Extension";
			sourceTree = "<group>";
		};
		AD60665425D5BBF100276A61 /* Preview Content */ = {
			isa = PBXGroup;
			children = (
				AD60665525D5BBF100276A61 /* Preview Assets.xcassets */,
			);
			path = "Preview Content";
			sourceTree = "<group>";
		};
		AD67CA9925DB194A001FF2E4 /* Frameworks */ = {
			isa = PBXGroup;
			children = (
				AD76172B25FFFEBF00095E3B /* StoreKit.framework */,
				AD67CA9A25DB194A001FF2E4 /* WidgetKit.framework */,
				AD67CA9C25DB194A001FF2E4 /* SwiftUI.framework */,
				DA4EA911B0390A4B4F63B781 /* Pods_Quotorama.framework */,
			);
			name = Frameworks;
			sourceTree = "<group>";
		};
		AD67CA9E25DB194A001FF2E4 /* QuotoramaWidget */ = {
			isa = PBXGroup;
			children = (
				AD67CAB625DB1B3C001FF2E4 /* Quote.swift */,
				AD67CAB425DB1B3C001FF2E4 /* QuotesStore.swift */,
				AD67CA9F25DB194A001FF2E4 /* QuotoramaWidget.swift */,
				AD67CAB525DB1B3C001FF2E4 /* Bundle+Decodable.swift */,
				AD67CAA125DB194D001FF2E4 /* Assets.xcassets */,
				AD67CAA325DB194D001FF2E4 /* Info.plist */,
			);
			path = QuotoramaWidget;
			sourceTree = "<group>";
		};
		B00134A0FB3A207114B7BA6D /* Pods */ = {
			isa = PBXGroup;
			children = (
				72172D27A941C7CD5E6FE635 /* Pods-Quotorama.debug.xcconfig */,
				D567D1347BA9D44F6C90E5D6 /* Pods-Quotorama.release.xcconfig */,
			);
			path = Pods;
			sourceTree = "<group>";
		};
/* End PBXGroup section */

/* Begin PBXNativeTarget section */
		AD46B38225990C19003C96DD /* Quotorama */ = {
			isa = PBXNativeTarget;
			buildConfigurationList = AD46B39225990C1A003C96DD /* Build configuration list for PBXNativeTarget "Quotorama" */;
			buildPhases = (
				0B2DCC1E93278D7894D988EA /* [CP] Check Pods Manifest.lock */,
				AD46B37F25990C19003C96DD /* Sources */,
				AD46B38025990C19003C96DD /* Frameworks */,
				AD46B38125990C19003C96DD /* Resources */,
				AD60665B25D5BBF100276A61 /* Embed Watch Content */,
				AD67CAAA25DB194D001FF2E4 /* Embed App Extensions */,
				4AFCDB1CF145C498BBE6C902 /* [CP] Embed Pods Frameworks */,
			);
			buildRules = (
			);
			dependencies = (
				AD60665925D5BBF100276A61 /* PBXTargetDependency */,
				AD67CAA525DB194D001FF2E4 /* PBXTargetDependency */,
			);
			name = Quotorama;
			productName = Quotorama;
			productReference = AD46B38325990C19003C96DD /* Quotorama.app */;
			productType = "com.apple.product-type.application";
		};
		AD60663D25D5BBEE00276A61 /* QuotoramaWatch */ = {
			isa = PBXNativeTarget;
			buildConfigurationList = AD60666225D5BBF100276A61 /* Build configuration list for PBXNativeTarget "QuotoramaWatch" */;
			buildPhases = (
				AD60665E25D5BBF100276A61 /* Embed App Extensions */,
				ACE24B3AEA247A8AC05EA1BF /* Frameworks */,
				AD9130D625ED582B00AFF02C /* CopyFiles */,
				AD9130D725ED584800AFF02C /* Resources */,
			);
			buildRules = (
			);
			dependencies = (
				AD60664A25D5BBF100276A61 /* PBXTargetDependency */,
			);
			name = QuotoramaWatch;
			productName = QuotoramaWatch;
			productReference = AD60663E25D5BBEE00276A61 /* QuotoramaWatch.app */;
			productType = "com.apple.product-type.application.watchapp2";
		};
		AD60664625D5BBF100276A61 /* QuotoramaWatch Extension */ = {
			isa = PBXNativeTarget;
			buildConfigurationList = AD60666125D5BBF100276A61 /* Build configuration list for PBXNativeTarget "QuotoramaWatch Extension" */;
			buildPhases = (
				AD60664325D5BBF100276A61 /* Sources */,
				AD60664425D5BBF100276A61 /* Frameworks */,
				AD60664525D5BBF100276A61 /* Resources */,
			);
			buildRules = (
			);
			dependencies = (
			);
			name = "QuotoramaWatch Extension";
			productName = "QuotoramaWatch Extension";
			productReference = AD60664725D5BBF100276A61 /* QuotoramaWatch Extension.appex */;
			productType = "com.apple.product-type.watchkit2-extension";
		};
		AD67CA9725DB194A001FF2E4 /* QuotoramaWidgetExtension */ = {
			isa = PBXNativeTarget;
			buildConfigurationList = AD67CAA725DB194D001FF2E4 /* Build configuration list for PBXNativeTarget "QuotoramaWidgetExtension" */;
			buildPhases = (
				AD67CA9425DB194A001FF2E4 /* Sources */,
				AD67CA9525DB194A001FF2E4 /* Frameworks */,
				AD67CA9625DB194A001FF2E4 /* Resources */,
			);
			buildRules = (
			);
			dependencies = (
			);
			name = QuotoramaWidgetExtension;
			productName = QuotoramaWidgetExtension;
			productReference = AD67CA9825DB194A001FF2E4 /* QuotoramaWidgetExtension.appex */;
			productType = "com.apple.product-type.app-extension";
		};
/* End PBXNativeTarget section */

/* Begin PBXProject section */
		AD46B37B25990C19003C96DD /* Project object */ = {
			isa = PBXProject;
			attributes = {
				LastSwiftUpdateCheck = 1240;
				LastUpgradeCheck = 1230;
				TargetAttributes = {
					AD46B38225990C19003C96DD = {
						CreatedOnToolsVersion = 12.3;
					};
					AD60663D25D5BBEE00276A61 = {
						CreatedOnToolsVersion = 12.4;
					};
					AD60664625D5BBF100276A61 = {
						CreatedOnToolsVersion = 12.4;
					};
					AD67CA9725DB194A001FF2E4 = {
						CreatedOnToolsVersion = 12.4;
					};
				};
			};
			buildConfigurationList = AD46B37E25990C19003C96DD /* Build configuration list for PBXProject "Quotorama" */;
			compatibilityVersion = "Xcode 9.3";
			developmentRegion = en;
			hasScannedForEncodings = 0;
			knownRegions = (
				en,
				Base,
			);
			mainGroup = AD46B37A25990C19003C96DD;
			productRefGroup = AD46B38425990C19003C96DD /* Products */;
			projectDirPath = "";
			projectRoot = "";
			targets = (
				AD46B38225990C19003C96DD /* Quotorama */,
				AD60663D25D5BBEE00276A61 /* QuotoramaWatch */,
				AD60664625D5BBF100276A61 /* QuotoramaWatch Extension */,
				AD67CA9725DB194A001FF2E4 /* QuotoramaWidgetExtension */,
			);
		};
/* End PBXProject section */

/* Begin PBXResourcesBuildPhase section */
		AD46B38125990C19003C96DD /* Resources */ = {
			isa = PBXResourcesBuildPhase;
			buildActionMask = 2147483647;
			files = (
				AD1669F22601065D00036EA8 /* music.mp3 in Resources */,
				ADB32605259922F600123C34 /* quotes.json in Resources */,
				AD46B38E25990C1A003C96DD /* Preview Assets.xcassets in Resources */,
				AD46B38B25990C1A003C96DD /* Assets.xcassets in Resources */,
			);
			runOnlyForDeploymentPostprocessing = 0;
		};
		AD60664525D5BBF100276A61 /* Resources */ = {
			isa = PBXResourcesBuildPhase;
			buildActionMask = 2147483647;
			files = (
				AD82709E25D5C89600F3B8AA /* quotes.json in Resources */,
				AD60665625D5BBF100276A61 /* Preview Assets.xcassets in Resources */,
				AD60665325D5BBF100276A61 /* Assets.xcassets in Resources */,
			);
			runOnlyForDeploymentPostprocessing = 0;
		};
		AD67CA9625DB194A001FF2E4 /* Resources */ = {
			isa = PBXResourcesBuildPhase;
			buildActionMask = 2147483647;
			files = (
				AD67CAAF25DB1AAA001FF2E4 /* quotes.json in Resources */,
				AD67CAA225DB194D001FF2E4 /* Assets.xcassets in Resources */,
			);
			runOnlyForDeploymentPostprocessing = 0;
		};
		AD9130D725ED584800AFF02C /* Resources */ = {
			isa = PBXResourcesBuildPhase;
			buildActionMask = 2147483647;
			files = (
				AD9130DD25ED587B00AFF02C /* quotes.json in Resources */,
				AD9130D825ED585000AFF02C /* Assets.xcassets in Resources */,
			);
			runOnlyForDeploymentPostprocessing = 0;
		};
/* End PBXResourcesBuildPhase section */

/* Begin PBXShellScriptBuildPhase section */
		0B2DCC1E93278D7894D988EA /* [CP] Check Pods Manifest.lock */ = {
			isa = PBXShellScriptBuildPhase;
			buildActionMask = 2147483647;
			files = (
			);
			inputFileListPaths = (
			);
			inputPaths = (
				"${PODS_PODFILE_DIR_PATH}/Podfile.lock",
				"${PODS_ROOT}/Manifest.lock",
			);
			name = "[CP] Check Pods Manifest.lock";
			outputFileListPaths = (
			);
			outputPaths = (
				"$(DERIVED_FILE_DIR)/Pods-Quotorama-checkManifestLockResult.txt",
			);
			runOnlyForDeploymentPostprocessing = 0;
			shellPath = /bin/sh;
			shellScript = "diff \"${PODS_PODFILE_DIR_PATH}/Podfile.lock\" \"${PODS_ROOT}/Manifest.lock\" > /dev/null\nif [ $? != 0 ] ; then\n    # print error to STDERR\n    echo \"error: The sandbox is not in sync with the Podfile.lock. Run 'pod install' or update your CocoaPods installation.\" >&2\n    exit 1\nfi\n# This output is used by Xcode 'outputs' to avoid re-running this script phase.\necho \"SUCCESS\" > \"${SCRIPT_OUTPUT_FILE_0}\"\n";
			showEnvVarsInLog = 0;
		};
		4AFCDB1CF145C498BBE6C902 /* [CP] Embed Pods Frameworks */ = {
			isa = PBXShellScriptBuildPhase;
			buildActionMask = 2147483647;
			files = (
			);
			inputFileListPaths = (
				"${PODS_ROOT}/Target Support Files/Pods-Quotorama/Pods-Quotorama-frameworks-${CONFIGURATION}-input-files.xcfilelist",
			);
			name = "[CP] Embed Pods Frameworks";
			outputFileListPaths = (
				"${PODS_ROOT}/Target Support Files/Pods-Quotorama/Pods-Quotorama-frameworks-${CONFIGURATION}-output-files.xcfilelist",
			);
			runOnlyForDeploymentPostprocessing = 0;
			shellPath = /bin/sh;
			shellScript = "\"${PODS_ROOT}/Target Support Files/Pods-Quotorama/Pods-Quotorama-frameworks.sh\"\n";
			showEnvVarsInLog = 0;
		};
/* End PBXShellScriptBuildPhase section */

/* Begin PBXSourcesBuildPhase section */
		AD46B37F25990C19003C96DD /* Sources */ = {
			isa = PBXSourcesBuildPhase;
			buildActionMask = 2147483647;
			files = (
				AD46B3A125990CB8003C96DD /* Bundle+Decodable.swift in Sources */,
				AD81DE3225F2964C0019F8A1 /* Util.swift in Sources */,
				AD67CA8D25DB1593001FF2E4 /* ActionButtonView.swift in Sources */,
				ADA7EB7825D5C4FF00CAF87C /* Array+RawRepresentable.swift in Sources */,
				AD5CAE1026022B4C00C43187 /* ThemesView.swift in Sources */,
				AD81DE3825F2A1EF0019F8A1 /* ShareSheetView.swift in Sources */,
				AD2BF66F260138EA00D20688 /* FooterView.swift in Sources */,
				ADB325FF25991D4500123C34 /* QuotesStore.swift in Sources */,
				ADE8EBAE25FE494D00816021 /* GoogleAdBannerView.swift in Sources */,
				AD2BF6792601392200D20688 /* QuoteView.swift in Sources */,
				ADDD57AD25FFE2A4009659D9 /* InAppPurchaseHelper.swift in Sources */,
				AD809E7B259A0475003E4640 /* Constants.swift in Sources */,
				AD6EAAA425F689150044F941 /* ContentView.swift in Sources */,
				AD2BF669260138D400D20688 /* HeaderView.swift in Sources */,
				ADDD57A625FFD866009659D9 /* SettingsView.swift in Sources */,
				AD46B38725990C19003C96DD /* QuotoramaApp.swift in Sources */,
				ADD62182259A189F002B5523 /* FavoritesView.swift in Sources */,
				AD1669E82600FDAA00036EA8 /* MusicPlayer.swift in Sources */,
			);
			runOnlyForDeploymentPostprocessing = 0;
		};
		AD60664325D5BBF100276A61 /* Sources */ = {
			isa = PBXSourcesBuildPhase;
			buildActionMask = 2147483647;
			files = (
				AD1021E725D5C2FE002B52CD /* Quote.swift in Sources */,
				AD1021F425D5C372002B52CD /* Bundle+Decodable.swift in Sources */,
				ADA7EB8325D5C59000CAF87C /* QuotesStore.swift in Sources */,
				AD60664D25D5BBF100276A61 /* ContentView.swift in Sources */,
				AD60664F25D5BBF100276A61 /* QuotoramaApp.swift in Sources */,
				AD60665125D5BBF100276A61 /* ComplicationController.swift in Sources */,
			);
			runOnlyForDeploymentPostprocessing = 0;
		};
		AD67CA9425DB194A001FF2E4 /* Sources */ = {
			isa = PBXSourcesBuildPhase;
			buildActionMask = 2147483647;
			files = (
				AD67CAB925DB1B3C001FF2E4 /* Quote.swift in Sources */,
				AD67CAB725DB1B3C001FF2E4 /* QuotesStore.swift in Sources */,
				AD67CAB825DB1B3C001FF2E4 /* Bundle+Decodable.swift in Sources */,
				AD67CAA025DB194A001FF2E4 /* QuotoramaWidget.swift in Sources */,
			);
			runOnlyForDeploymentPostprocessing = 0;
		};
/* End PBXSourcesBuildPhase section */

/* Begin PBXTargetDependency section */
		AD60664A25D5BBF100276A61 /* PBXTargetDependency */ = {
			isa = PBXTargetDependency;
			target = AD60664625D5BBF100276A61 /* QuotoramaWatch Extension */;
			targetProxy = AD60664925D5BBF100276A61 /* PBXContainerItemProxy */;
		};
		AD60665925D5BBF100276A61 /* PBXTargetDependency */ = {
			isa = PBXTargetDependency;
			target = AD60663D25D5BBEE00276A61 /* QuotoramaWatch */;
			targetProxy = AD60665825D5BBF100276A61 /* PBXContainerItemProxy */;
		};
		AD67CAA525DB194D001FF2E4 /* PBXTargetDependency */ = {
			isa = PBXTargetDependency;
			target = AD67CA9725DB194A001FF2E4 /* QuotoramaWidgetExtension */;
			targetProxy = AD67CAA425DB194D001FF2E4 /* PBXContainerItemProxy */;
		};
/* End PBXTargetDependency section */

/* Begin XCBuildConfiguration section */
		AD46B39025990C1A003C96DD /* Debug */ = {
			isa = XCBuildConfiguration;
			buildSettings = {
				ALWAYS_SEARCH_USER_PATHS = NO;
				CLANG_ANALYZER_NONNULL = YES;
				CLANG_ANALYZER_NUMBER_OBJECT_CONVERSION = YES_AGGRESSIVE;
				CLANG_CXX_LANGUAGE_STANDARD = "gnu++14";
				CLANG_CXX_LIBRARY = "libc++";
				CLANG_ENABLE_MODULES = YES;
				CLANG_ENABLE_OBJC_ARC = YES;
				CLANG_ENABLE_OBJC_WEAK = YES;
				CLANG_WARN_BLOCK_CAPTURE_AUTORELEASING = YES;
				CLANG_WARN_BOOL_CONVERSION = YES;
				CLANG_WARN_COMMA = YES;
				CLANG_WARN_CONSTANT_CONVERSION = YES;
				CLANG_WARN_DEPRECATED_OBJC_IMPLEMENTATIONS = YES;
				CLANG_WARN_DIRECT_OBJC_ISA_USAGE = YES_ERROR;
				CLANG_WARN_DOCUMENTATION_COMMENTS = YES;
				CLANG_WARN_EMPTY_BODY = YES;
				CLANG_WARN_ENUM_CONVERSION = YES;
				CLANG_WARN_INFINITE_RECURSION = YES;
				CLANG_WARN_INT_CONVERSION = YES;
				CLANG_WARN_NON_LITERAL_NULL_CONVERSION = YES;
				CLANG_WARN_OBJC_IMPLICIT_RETAIN_SELF = YES;
				CLANG_WARN_OBJC_LITERAL_CONVERSION = YES;
				CLANG_WARN_OBJC_ROOT_CLASS = YES_ERROR;
				CLANG_WARN_QUOTED_INCLUDE_IN_FRAMEWORK_HEADER = YES;
				CLANG_WARN_RANGE_LOOP_ANALYSIS = YES;
				CLANG_WARN_STRICT_PROTOTYPES = YES;
				CLANG_WARN_SUSPICIOUS_MOVE = YES;
				CLANG_WARN_UNGUARDED_AVAILABILITY = YES_AGGRESSIVE;
				CLANG_WARN_UNREACHABLE_CODE = YES;
				CLANG_WARN__DUPLICATE_METHOD_MATCH = YES;
				COPY_PHASE_STRIP = NO;
				DEBUG_INFORMATION_FORMAT = dwarf;
				ENABLE_STRICT_OBJC_MSGSEND = YES;
				ENABLE_TESTABILITY = YES;
				GCC_C_LANGUAGE_STANDARD = gnu11;
				GCC_DYNAMIC_NO_PIC = NO;
				GCC_NO_COMMON_BLOCKS = YES;
				GCC_OPTIMIZATION_LEVEL = 0;
				GCC_PREPROCESSOR_DEFINITIONS = (
					"DEBUG=1",
					"$(inherited)",
				);
				GCC_WARN_64_TO_32_BIT_CONVERSION = YES;
				GCC_WARN_ABOUT_RETURN_TYPE = YES_ERROR;
				GCC_WARN_UNDECLARED_SELECTOR = YES;
				GCC_WARN_UNINITIALIZED_AUTOS = YES_AGGRESSIVE;
				GCC_WARN_UNUSED_FUNCTION = YES;
				GCC_WARN_UNUSED_VARIABLE = YES;
				IPHONEOS_DEPLOYMENT_TARGET = 14.3;
				MTL_ENABLE_DEBUG_INFO = INCLUDE_SOURCE;
				MTL_FAST_MATH = YES;
				ONLY_ACTIVE_ARCH = YES;
				SDKROOT = iphoneos;
				SWIFT_ACTIVE_COMPILATION_CONDITIONS = DEBUG;
				SWIFT_OPTIMIZATION_LEVEL = "-Onone";
			};
			name = Debug;
		};
		AD46B39125990C1A003C96DD /* Release */ = {
			isa = XCBuildConfiguration;
			buildSettings = {
				ALWAYS_SEARCH_USER_PATHS = NO;
				CLANG_ANALYZER_NONNULL = YES;
				CLANG_ANALYZER_NUMBER_OBJECT_CONVERSION = YES_AGGRESSIVE;
				CLANG_CXX_LANGUAGE_STANDARD = "gnu++14";
				CLANG_CXX_LIBRARY = "libc++";
				CLANG_ENABLE_MODULES = YES;
				CLANG_ENABLE_OBJC_ARC = YES;
				CLANG_ENABLE_OBJC_WEAK = YES;
				CLANG_WARN_BLOCK_CAPTURE_AUTORELEASING = YES;
				CLANG_WARN_BOOL_CONVERSION = YES;
				CLANG_WARN_COMMA = YES;
				CLANG_WARN_CONSTANT_CONVERSION = YES;
				CLANG_WARN_DEPRECATED_OBJC_IMPLEMENTATIONS = YES;
				CLANG_WARN_DIRECT_OBJC_ISA_USAGE = YES_ERROR;
				CLANG_WARN_DOCUMENTATION_COMMENTS = YES;
				CLANG_WARN_EMPTY_BODY = YES;
				CLANG_WARN_ENUM_CONVERSION = YES;
				CLANG_WARN_INFINITE_RECURSION = YES;
				CLANG_WARN_INT_CONVERSION = YES;
				CLANG_WARN_NON_LITERAL_NULL_CONVERSION = YES;
				CLANG_WARN_OBJC_IMPLICIT_RETAIN_SELF = YES;
				CLANG_WARN_OBJC_LITERAL_CONVERSION = YES;
				CLANG_WARN_OBJC_ROOT_CLASS = YES_ERROR;
				CLANG_WARN_QUOTED_INCLUDE_IN_FRAMEWORK_HEADER = YES;
				CLANG_WARN_RANGE_LOOP_ANALYSIS = YES;
				CLANG_WARN_STRICT_PROTOTYPES = YES;
				CLANG_WARN_SUSPICIOUS_MOVE = YES;
				CLANG_WARN_UNGUARDED_AVAILABILITY = YES_AGGRESSIVE;
				CLANG_WARN_UNREACHABLE_CODE = YES;
				CLANG_WARN__DUPLICATE_METHOD_MATCH = YES;
				COPY_PHASE_STRIP = NO;
				DEBUG_INFORMATION_FORMAT = "dwarf-with-dsym";
				ENABLE_NS_ASSERTIONS = NO;
				ENABLE_STRICT_OBJC_MSGSEND = YES;
				GCC_C_LANGUAGE_STANDARD = gnu11;
				GCC_NO_COMMON_BLOCKS = YES;
				GCC_WARN_64_TO_32_BIT_CONVERSION = YES;
				GCC_WARN_ABOUT_RETURN_TYPE = YES_ERROR;
				GCC_WARN_UNDECLARED_SELECTOR = YES;
				GCC_WARN_UNINITIALIZED_AUTOS = YES_AGGRESSIVE;
				GCC_WARN_UNUSED_FUNCTION = YES;
				GCC_WARN_UNUSED_VARIABLE = YES;
				IPHONEOS_DEPLOYMENT_TARGET = 14.3;
				MTL_ENABLE_DEBUG_INFO = NO;
				MTL_FAST_MATH = YES;
				SDKROOT = iphoneos;
				SWIFT_COMPILATION_MODE = wholemodule;
				SWIFT_OPTIMIZATION_LEVEL = "-O";
				VALIDATE_PRODUCT = YES;
			};
			name = Release;
		};
		AD46B39325990C1A003C96DD /* Debug */ = {
			isa = XCBuildConfiguration;
			baseConfigurationReference = 72172D27A941C7CD5E6FE635 /* Pods-Quotorama.debug.xcconfig */;
			buildSettings = {
				ALWAYS_EMBED_SWIFT_STANDARD_LIBRARIES = YES;
				ASSETCATALOG_COMPILER_APPICON_NAME = AppIcon;
				ASSETCATALOG_COMPILER_GLOBAL_ACCENT_COLOR_NAME = AccentColor;
				CODE_SIGN_STYLE = Automatic;
				CURRENT_PROJECT_VERSION = 1;
				DEVELOPMENT_ASSET_PATHS = "\"Quotorama/Preview Content\"";
				DEVELOPMENT_TEAM = D6Z6GBS4J9;
				ENABLE_PREVIEWS = YES;
				FRAMEWORK_SEARCH_PATHS = (
					"$(inherited)",
					"$(PROJECT_DIR)",
				);
				INFOPLIST_FILE = Quotorama/Info.plist;
				IPHONEOS_DEPLOYMENT_TARGET = 14.0;
				LD_RUNPATH_SEARCH_PATHS = (
					"$(inherited)",
					"@executable_path/Frameworks",
				);
				MARKETING_VERSION = 2.2;
				OTHER_LDFLAGS = (
					"-ObjC",
					"$(inherited)",
				);
				PRODUCT_BUNDLE_IDENTIFIER = com.markokramar.quotorama.Quotorama;
				PRODUCT_NAME = "$(TARGET_NAME)";
				SWIFT_VERSION = 5.0;
				TARGETED_DEVICE_FAMILY = "1,2";
				VALIDATE_WORKSPACE = NO;
			};
			name = Debug;
		};
		AD46B39425990C1A003C96DD /* Release */ = {
			isa = XCBuildConfiguration;
			baseConfigurationReference = D567D1347BA9D44F6C90E5D6 /* Pods-Quotorama.release.xcconfig */;
			buildSettings = {
				ALWAYS_EMBED_SWIFT_STANDARD_LIBRARIES = YES;
				ASSETCATALOG_COMPILER_APPICON_NAME = AppIcon;
				ASSETCATALOG_COMPILER_GLOBAL_ACCENT_COLOR_NAME = AccentColor;
				CODE_SIGN_STYLE = Automatic;
				CURRENT_PROJECT_VERSION = 1;
				DEVELOPMENT_ASSET_PATHS = "\"Quotorama/Preview Content\"";
				DEVELOPMENT_TEAM = D6Z6GBS4J9;
				ENABLE_PREVIEWS = YES;
				FRAMEWORK_SEARCH_PATHS = (
					"$(inherited)",
					"$(PROJECT_DIR)",
				);
				INFOPLIST_FILE = Quotorama/Info.plist;
				IPHONEOS_DEPLOYMENT_TARGET = 14.0;
				LD_RUNPATH_SEARCH_PATHS = (
					"$(inherited)",
					"@executable_path/Frameworks",
				);
				MARKETING_VERSION = 2.2;
				OTHER_LDFLAGS = (
					"-ObjC",
					"$(inherited)",
				);
				PRODUCT_BUNDLE_IDENTIFIER = com.markokramar.quotorama.Quotorama;
				PRODUCT_NAME = "$(TARGET_NAME)";
				SWIFT_VERSION = 5.0;
				TARGETED_DEVICE_FAMILY = "1,2";
				VALIDATE_WORKSPACE = NO;
			};
			name = Release;
		};
		AD60665C25D5BBF100276A61 /* Debug */ = {
			isa = XCBuildConfiguration;
			buildSettings = {
				ALWAYS_EMBED_SWIFT_STANDARD_LIBRARIES = YES;
				ASSETCATALOG_COMPILER_APPICON_NAME = AppIcon;
				ASSETCATALOG_COMPILER_GLOBAL_ACCENT_COLOR_NAME = AccentColor;
				CODE_SIGN_STYLE = Automatic;
				CURRENT_PROJECT_VERSION = 1;
				DEVELOPMENT_TEAM = D6Z6GBS4J9;
				IBSC_MODULE = QuotoramaWatch_Extension;
				INFOPLIST_FILE = QuotoramaWatch/Info.plist;
				MARKETING_VERSION = 2.2;
				PRODUCT_BUNDLE_IDENTIFIER = com.markokramar.quotorama.Quotorama.watchkitapp;
				PRODUCT_NAME = "$(TARGET_NAME)";
				SDKROOT = watchos;
				SKIP_INSTALL = YES;
				SWIFT_VERSION = 5.0;
				TARGETED_DEVICE_FAMILY = 4;
				WATCHOS_DEPLOYMENT_TARGET = 7.2;
			};
			name = Debug;
		};
		AD60665D25D5BBF100276A61 /* Release */ = {
			isa = XCBuildConfiguration;
			buildSettings = {
				ALWAYS_EMBED_SWIFT_STANDARD_LIBRARIES = YES;
				ASSETCATALOG_COMPILER_APPICON_NAME = AppIcon;
				ASSETCATALOG_COMPILER_GLOBAL_ACCENT_COLOR_NAME = AccentColor;
				CODE_SIGN_STYLE = Automatic;
				CURRENT_PROJECT_VERSION = 1;
				DEVELOPMENT_TEAM = D6Z6GBS4J9;
				IBSC_MODULE = QuotoramaWatch_Extension;
				INFOPLIST_FILE = QuotoramaWatch/Info.plist;
				MARKETING_VERSION = 2.2;
				PRODUCT_BUNDLE_IDENTIFIER = com.markokramar.quotorama.Quotorama.watchkitapp;
				PRODUCT_NAME = "$(TARGET_NAME)";
				SDKROOT = watchos;
				SKIP_INSTALL = YES;
				SWIFT_VERSION = 5.0;
				TARGETED_DEVICE_FAMILY = 4;
				WATCHOS_DEPLOYMENT_TARGET = 7.2;
			};
			name = Release;
		};
		AD60665F25D5BBF100276A61 /* Debug */ = {
			isa = XCBuildConfiguration;
			buildSettings = {
				ASSETCATALOG_COMPILER_COMPLICATION_NAME = Complication;
				CODE_SIGN_STYLE = Automatic;
				CURRENT_PROJECT_VERSION = 1;
				DEVELOPMENT_ASSET_PATHS = "\"QuotoramaWatch Extension/Preview Content\"";
				DEVELOPMENT_TEAM = D6Z6GBS4J9;
				ENABLE_PREVIEWS = YES;
				INFOPLIST_FILE = "QuotoramaWatch Extension/Info.plist";
				LD_RUNPATH_SEARCH_PATHS = (
					"$(inherited)",
					"@executable_path/Frameworks",
					"@executable_path/../../Frameworks",
				);
				MARKETING_VERSION = 2.2;
				PRODUCT_BUNDLE_IDENTIFIER = com.markokramar.quotorama.Quotorama.watchkitapp.watchkitextension;
				PRODUCT_NAME = "${TARGET_NAME}";
				SDKROOT = watchos;
				SKIP_INSTALL = YES;
				SWIFT_VERSION = 5.0;
				TARGETED_DEVICE_FAMILY = 4;
				WATCHOS_DEPLOYMENT_TARGET = 7.2;
			};
			name = Debug;
		};
		AD60666025D5BBF100276A61 /* Release */ = {
			isa = XCBuildConfiguration;
			buildSettings = {
				ASSETCATALOG_COMPILER_COMPLICATION_NAME = Complication;
				CODE_SIGN_STYLE = Automatic;
				CURRENT_PROJECT_VERSION = 1;
				DEVELOPMENT_ASSET_PATHS = "\"QuotoramaWatch Extension/Preview Content\"";
				DEVELOPMENT_TEAM = D6Z6GBS4J9;
				ENABLE_PREVIEWS = YES;
				INFOPLIST_FILE = "QuotoramaWatch Extension/Info.plist";
				LD_RUNPATH_SEARCH_PATHS = (
					"$(inherited)",
					"@executable_path/Frameworks",
					"@executable_path/../../Frameworks",
				);
				MARKETING_VERSION = 2.2;
				PRODUCT_BUNDLE_IDENTIFIER = com.markokramar.quotorama.Quotorama.watchkitapp.watchkitextension;
				PRODUCT_NAME = "${TARGET_NAME}";
				SDKROOT = watchos;
				SKIP_INSTALL = YES;
				SWIFT_VERSION = 5.0;
				TARGETED_DEVICE_FAMILY = 4;
				WATCHOS_DEPLOYMENT_TARGET = 7.2;
			};
			name = Release;
		};
		AD67CAA825DB194D001FF2E4 /* Debug */ = {
			isa = XCBuildConfiguration;
			buildSettings = {
				ASSETCATALOG_COMPILER_GLOBAL_ACCENT_COLOR_NAME = AccentColor;
				ASSETCATALOG_COMPILER_WIDGET_BACKGROUND_COLOR_NAME = WidgetBackground;
				CODE_SIGN_STYLE = Automatic;
				CURRENT_PROJECT_VERSION = 1;
				DEVELOPMENT_TEAM = D6Z6GBS4J9;
				INFOPLIST_FILE = QuotoramaWidget/Info.plist;
				IPHONEOS_DEPLOYMENT_TARGET = 14.4;
				LD_RUNPATH_SEARCH_PATHS = (
					"$(inherited)",
					"@executable_path/Frameworks",
					"@executable_path/../../Frameworks",
				);
				MARKETING_VERSION = 2.2;
				PRODUCT_BUNDLE_IDENTIFIER = com.markokramar.quotorama.Quotorama.QuotoramaWidget;
				PRODUCT_NAME = "$(TARGET_NAME)";
				SKIP_INSTALL = YES;
				SWIFT_VERSION = 5.0;
				TARGETED_DEVICE_FAMILY = "1,2";
			};
			name = Debug;
		};
		AD67CAA925DB194D001FF2E4 /* Release */ = {
			isa = XCBuildConfiguration;
			buildSettings = {
				ASSETCATALOG_COMPILER_GLOBAL_ACCENT_COLOR_NAME = AccentColor;
				ASSETCATALOG_COMPILER_WIDGET_BACKGROUND_COLOR_NAME = WidgetBackground;
				CODE_SIGN_STYLE = Automatic;
				CURRENT_PROJECT_VERSION = 1;
				DEVELOPMENT_TEAM = D6Z6GBS4J9;
				INFOPLIST_FILE = QuotoramaWidget/Info.plist;
				IPHONEOS_DEPLOYMENT_TARGET = 14.4;
				LD_RUNPATH_SEARCH_PATHS = (
					"$(inherited)",
					"@executable_path/Frameworks",
					"@executable_path/../../Frameworks",
				);
				MARKETING_VERSION = 2.2;
				PRODUCT_BUNDLE_IDENTIFIER = com.markokramar.quotorama.Quotorama.QuotoramaWidget;
				PRODUCT_NAME = "$(TARGET_NAME)";
				SKIP_INSTALL = YES;
				SWIFT_VERSION = 5.0;
				TARGETED_DEVICE_FAMILY = "1,2";
			};
			name = Release;
		};
/* End XCBuildConfiguration section */

/* Begin XCConfigurationList section */
		AD46B37E25990C19003C96DD /* Build configuration list for PBXProject "Quotorama" */ = {
			isa = XCConfigurationList;
			buildConfigurations = (
				AD46B39025990C1A003C96DD /* Debug */,
				AD46B39125990C1A003C96DD /* Release */,
			);
			defaultConfigurationIsVisible = 0;
			defaultConfigurationName = Release;
		};
		AD46B39225990C1A003C96DD /* Build configuration list for PBXNativeTarget "Quotorama" */ = {
			isa = XCConfigurationList;
			buildConfigurations = (
				AD46B39325990C1A003C96DD /* Debug */,
				AD46B39425990C1A003C96DD /* Release */,
			);
			defaultConfigurationIsVisible = 0;
			defaultConfigurationName = Release;
		};
		AD60666125D5BBF100276A61 /* Build configuration list for PBXNativeTarget "QuotoramaWatch Extension" */ = {
			isa = XCConfigurationList;
			buildConfigurations = (
				AD60665F25D5BBF100276A61 /* Debug */,
				AD60666025D5BBF100276A61 /* Release */,
			);
			defaultConfigurationIsVisible = 0;
			defaultConfigurationName = Release;
		};
		AD60666225D5BBF100276A61 /* Build configuration list for PBXNativeTarget "QuotoramaWatch" */ = {
			isa = XCConfigurationList;
			buildConfigurations = (
				AD60665C25D5BBF100276A61 /* Debug */,
				AD60665D25D5BBF100276A61 /* Release */,
			);
			defaultConfigurationIsVisible = 0;
			defaultConfigurationName = Release;
		};
		AD67CAA725DB194D001FF2E4 /* Build configuration list for PBXNativeTarget "QuotoramaWidgetExtension" */ = {
			isa = XCConfigurationList;
			buildConfigurations = (
				AD67CAA825DB194D001FF2E4 /* Debug */,
				AD67CAA925DB194D001FF2E4 /* Release */,
			);
			defaultConfigurationIsVisible = 0;
			defaultConfigurationName = Release;
		};
/* End XCConfigurationList section */
	};
	rootObject = AD46B37B25990C19003C96DD /* Project object */;
}
